{
  "lockfileVersion": 2,
  "configVersion": 1,
  "workspaces": {
    "": {
      "name": "@ankitg12/model-shift-omp",
      "dependencies": {
        "@marcbachmann/cel-js": "^8.0.0",
      },
    },
  },
  "packages": {
    "@marcbachmann/cel-js": ["@marcbachmann/cel-js@8.0.0", "", { "bin": { "cel-evaluate": "bin/cel-evaluate.js" } }, "sha512-oaTrAziGr3zDLFiMt/yLU3nZuRMawyWQB5X1a0I7s9eGy3JYzX9l8ZXXHyMd64nzbeVFZTewuUShwsZQdK6UCA=="],
  }
}
